
Microsoft Visual Studio Solution File, Format Version 12.00
# Visual Studio Version 16
VisualStudioVersion = 16.0.30114.105
MinimumVisualStudioVersion = 10.0.40219.1
Project("{FAE04EC0-301F-11D3-BF4B-00C04F79EFBC}") = "onurtaskiranblog", "onurtaskiranblog\onurtaskiranblog.csproj", "{208C1EF1-060F-4B61-9CBE-F32EB4D03AD5}"
EndProject
Global
	GlobalSection(SolutionConfigurationPlatforms) = preSolution
		Debug|Any CPU = Debug|Any CPU
		Release|Any CPU = Release|Any CPU
	EndGlobalSection
	GlobalSection(ProjectConfigurationPlatforms) = postSolution
		{208C1EF1-060F-4B61-9CBE-F32EB4D03AD5}.Debug|Any CPU.ActiveCfg = Debug|Any CPU
		{208C1EF1-060F-4B61-9CBE-F32EB4D03AD5}.Debug|Any CPU.Build.0 = Debug|Any CPU
		{208C1EF1-060F-4B61-9CBE-F32EB4D03AD5}.Release|Any CPU.ActiveCfg = Release|Any CPU
		{208C1EF1-060F-4B61-9CBE-F32EB4D03AD5}.Release|Any CPU.Build.0 = Release|Any CPU
	EndGlobalSection
	GlobalSection(SolutionProperties) = preSolution
		HideSolutionNode = FALSE
	EndGlobalSection
	GlobalSection(ExtensibilityGlobals) = postSolution
		SolutionGuid = {F0474B23-6453-422F-B49F-FABCD0FFA291}
	EndGlobalSection
EndGlobal
